
Microsoft Visual Studio Solution File, Format Version 12.00
# Visual Studio Version 16
VisualStudioVersion = 16.0.30907.101
MinimumVisualStudioVersion = 10.0.40219.1
Project("{FAE04EC0-301F-11D3-BF4B-00C04F79EFBC}") = "MassTransitDisposedExceptionDemo", "MassTransitDisposedExceptionDemo\MassTransitDisposedExceptionDemo.csproj", "{DF5211BD-EE21-49D4-8B79-CFEC34820F15}"
EndProject
Global
	GlobalSection(SolutionConfigurationPlatforms) = preSolution
		Debug|Any CPU = Debug|Any CPU
		Release|Any CPU = Release|Any CPU
	EndGlobalSection
	GlobalSection(ProjectConfigurationPlatforms) = postSolution
		{DF5211BD-EE21-49D4-8B79-CFEC34820F15}.Debug|Any CPU.ActiveCfg = Debug|Any CPU
		{DF5211BD-EE21-49D4-8B79-CFEC34820F15}.Debug|Any CPU.Build.0 = Debug|Any CPU
		{DF5211BD-EE21-49D4-8B79-CFEC34820F15}.Release|Any CPU.ActiveCfg = Release|Any CPU
		{DF5211BD-EE21-49D4-8B79-CFEC34820F15}.Release|Any CPU.Build.0 = Release|Any CPU
	EndGlobalSection
	GlobalSection(SolutionProperties) = preSolution
		HideSolutionNode = FALSE
	EndGlobalSection
	GlobalSection(ExtensibilityGlobals) = postSolution
		SolutionGuid = {B131F098-CA78-4937-8028-C28FD751374F}
	EndGlobalSection
EndGlobal
